
Microsoft Visual Studio Solution File, Format Version 12.00
# Visual Studio 2013
VisualStudioVersion = 12.0.31101.0
MinimumVisualStudioVersion = 10.0.40219.1
Project("{FAE04EC0-301F-11D3-BF4B-00C04F79EFBC}") = "Brekete", "Brekete\Brekete.csproj", "{61E9C8DA-1456-4EE1-B89C-253C205EC60A}"
EndProject
Global
	GlobalSection(CodealikeProperties) = postSolution
		SolutionGuid = a3f099f0-b7c9-462b-9501-179f990a4849
	EndGlobalSection
	GlobalSection(SolutionConfigurationPlatforms) = preSolution
		Debug|Any CPU = Debug|Any CPU
		Debug|ARM = Debug|ARM
		Debug|x86 = Debug|x86
		Release|Any CPU = Release|Any CPU
		Release|ARM = Release|ARM
		Release|x86 = Release|x86
	EndGlobalSection
	GlobalSection(ProjectConfigurationPlatforms) = postSolution
		{61E9C8DA-1456-4EE1-B89C-253C205EC60A}.Debug|Any CPU.ActiveCfg = Debug|Any CPU
		{61E9C8DA-1456-4EE1-B89C-253C205EC60A}.Debug|Any CPU.Build.0 = Debug|Any CPU
		{61E9C8DA-1456-4EE1-B89C-253C205EC60A}.Debug|Any CPU.Deploy.0 = Debug|Any CPU
		{61E9C8DA-1456-4EE1-B89C-253C205EC60A}.Debug|ARM.ActiveCfg = Debug|ARM
		{61E9C8DA-1456-4EE1-B89C-253C205EC60A}.Debug|ARM.Build.0 = Debug|ARM
		{61E9C8DA-1456-4EE1-B89C-253C205EC60A}.Debug|ARM.Deploy.0 = Debug|ARM
		{61E9C8DA-1456-4EE1-B89C-253C205EC60A}.Debug|x86.ActiveCfg = Debug|x86
		{61E9C8DA-1456-4EE1-B89C-253C205EC60A}.Debug|x86.Build.0 = Debug|x86
		{61E9C8DA-1456-4EE1-B89C-253C205EC60A}.Debug|x86.Deploy.0 = Debug|x86
		{61E9C8DA-1456-4EE1-B89C-253C205EC60A}.Release|Any CPU.ActiveCfg = Release|Any CPU
		{61E9C8DA-1456-4EE1-B89C-253C205EC60A}.Release|Any CPU.Build.0 = Release|Any CPU
		{61E9C8DA-1456-4EE1-B89C-253C205EC60A}.Release|Any CPU.Deploy.0 = Release|Any CPU
		{61E9C8DA-1456-4EE1-B89C-253C205EC60A}.Release|ARM.ActiveCfg = Release|ARM
		{61E9C8DA-1456-4EE1-B89C-253C205EC60A}.Release|ARM.Build.0 = Release|ARM
		{61E9C8DA-1456-4EE1-B89C-253C205EC60A}.Release|ARM.Deploy.0 = Release|ARM
		{61E9C8DA-1456-4EE1-B89C-253C205EC60A}.Release|x86.ActiveCfg = Release|x86
		{61E9C8DA-1456-4EE1-B89C-253C205EC60A}.Release|x86.Build.0 = Release|x86
		{61E9C8DA-1456-4EE1-B89C-253C205EC60A}.Release|x86.Deploy.0 = Release|x86
	EndGlobalSection
	GlobalSection(SolutionProperties) = preSolution
		HideSolutionNode = FALSE
	EndGlobalSection
EndGlobal
